
Microsoft Visual Studio Solution File, Format Version 12.00
# Visual Studio Version 16
VisualStudioVersion = 16.0.31729.503
MinimumVisualStudioVersion = 10.0.40219.1
Project("{9A19103F-16F7-4668-BE54-9A1E7A4F7556}") = "global-mq-dotnet", "library\global-mq-dotnet.csproj", "{09328FF1-DD23-44B6-A9F5-0B016710C86B}"
EndProject
Project("{9A19103F-16F7-4668-BE54-9A1E7A4F7556}") = "test", "test\test.csproj", "{2373B1B8-6530-426B-8869-B764878662C3}"
EndProject
Global
	GlobalSection(SolutionConfigurationPlatforms) = preSolution
		Debug|Any CPU = Debug|Any CPU
		Release|Any CPU = Release|Any CPU
	EndGlobalSection
	GlobalSection(ProjectConfigurationPlatforms) = postSolution
		{09328FF1-DD23-44B6-A9F5-0B016710C86B}.Debug|Any CPU.ActiveCfg = Debug|Any CPU
		{09328FF1-DD23-44B6-A9F5-0B016710C86B}.Debug|Any CPU.Build.0 = Debug|Any CPU
		{09328FF1-DD23-44B6-A9F5-0B016710C86B}.Release|Any CPU.ActiveCfg = Release|Any CPU
		{09328FF1-DD23-44B6-A9F5-0B016710C86B}.Release|Any CPU.Build.0 = Release|Any CPU
		{2373B1B8-6530-426B-8869-B764878662C3}.Debug|Any CPU.ActiveCfg = Debug|Any CPU
		{2373B1B8-6530-426B-8869-B764878662C3}.Debug|Any CPU.Build.0 = Debug|Any CPU
		{2373B1B8-6530-426B-8869-B764878662C3}.Release|Any CPU.ActiveCfg = Release|Any CPU
		{2373B1B8-6530-426B-8869-B764878662C3}.Release|Any CPU.Build.0 = Release|Any CPU
	EndGlobalSection
	GlobalSection(SolutionProperties) = preSolution
		HideSolutionNode = FALSE
	EndGlobalSection
	GlobalSection(ExtensibilityGlobals) = postSolution
		SolutionGuid = {623C3925-7D9D-496D-9FAA-7DB2ED1D7145}
	EndGlobalSection
EndGlobal
